<Solution>
  <Folder Name="/src/">
    <Project Path="src/AgentDesk.Cli/AgentDesk.Cli.csproj" />
    <Project Path="src/AgentDesk.Contracts/AgentDesk.Contracts.csproj" />
    <Project Path="src/AgentDesk.Core/AgentDesk.Core.csproj" />
  </Folder>
  <Folder Name="/tests/">
    <Project Path="tests/AgentDesk.Tests/AgentDesk.Tests.csproj" />
  </Folder>
</Solution>
